// !$*UTF8*$!
{
	archiveVersion = 1;
	classes = {
	};
	objectVersion = 50;
	objects = {

/* Begin PBXBuildFile section */
		654E6CBC215AB46F005168C3 /* AppDelegate.swift in Sources */ = {isa = PBXBuildFile; fileRef = 654E6CBB215AB46F005168C3 /* AppDelegate.swift */; };
		654E6CBE215AB46F005168C3 /* MasterViewController.swift in Sources */ = {isa = PBXBuildFile; fileRef = 654E6CBD215AB46F005168C3 /* MasterViewController.swift */; };
		654E6CC0215AB46F005168C3 /* DetailViewController.swift in Sources */ = {isa = PBXBuildFile; fileRef = 654E6CBF215AB46F005168C3 /* DetailViewController.swift */; };
		654E6CC3215AB46F005168C3 /* Main.storyboard in Resources */ = {isa = PBXBuildFile; fileRef = 654E6CC1215AB46F005168C3 /* Main.storyboard */; };
		654E6CC5215AB470005168C3 /* Assets.xcassets in Resources */ = {isa = PBXBuildFile; fileRef = 654E6CC4215AB470005168C3 /* Assets.xcassets */; };
		654E6CC8215AB470005168C3 /* LaunchScreen.storyboard in Resources */ = {isa = PBXBuildFile; fileRef = 654E6CC6215AB470005168C3 /* LaunchScreen.storyboard */; };
		654E6CD6215AB5A6005168C3 /* XPathQuery.m in Sources */ = {isa = PBXBuildFile; fileRef = 654E6CD0215AB5A6005168C3 /* XPathQuery.m */; };
		654E6CD7215AB5A6005168C3 /* TFHpple.m in Sources */ = {isa = PBXBuildFile; fileRef = 654E6CD3215AB5A6005168C3 /* TFHpple.m */; };
		654E6CD8215AB5A6005168C3 /* TFHppleElement.m in Sources */ = {isa = PBXBuildFile; fileRef = 654E6CD4215AB5A6005168C3 /* TFHppleElement.m */; };
		654E6CDB215AB633005168C3 /* libxml2.2.tbd in Frameworks */ = {isa = PBXBuildFile; fileRef = 654E6CDA215AB633005168C3 /* libxml2.2.tbd */; };
		654E6CDD215AB63D005168C3 /* libxml2.tbd in Frameworks */ = {isa = PBXBuildFile; fileRef = 654E6CDC215AB63D005168C3 /* libxml2.tbd */; };
		654E6CDF215AB881005168C3 /* URLStash.swift in Sources */ = {isa = PBXBuildFile; fileRef = 654E6CDE215AB881005168C3 /* URLStash.swift */; };
		654E6CE1215AC430005168C3 /* EventDetail.swift in Sources */ = {isa = PBXBuildFile; fileRef = 654E6CE0215AC430005168C3 /* EventDetail.swift */; };
		654E6CE4215AD43F005168C3 /* EventTableViewCell.swift in Sources */ = {isa = PBXBuildFile; fileRef = 654E6CE3215AD43F005168C3 /* EventTableViewCell.swift */; };
		654E6CE6215AE0C6005168C3 /* DetailsViewController.swift in Sources */ = {isa = PBXBuildFile; fileRef = 654E6CE5215AE0C6005168C3 /* DetailsViewController.swift */; };
		654E6CE8215AE381005168C3 /* EventInformation.swift in Sources */ = {isa = PBXBuildFile; fileRef = 654E6CE7215AE381005168C3 /* EventInformation.swift */; };
/* End PBXBuildFile section */

/* Begin PBXFileReference section */
		654E6CB8215AB46F005168C3 /* LiveDaybreak.app */ = {isa = PBXFileReference; explicitFileType = wrapper.application; includeInIndex = 0; path = LiveDaybreak.app; sourceTree = BUILT_PRODUCTS_DIR; };
		654E6CBB215AB46F005168C3 /* AppDelegate.swift */ = {isa = PBXFileReference; lastKnownFileType = sourcecode.swift; path = AppDelegate.swift; sourceTree = "<group>"; };
		654E6CBD215AB46F005168C3 /* MasterViewController.swift */ = {isa = PBXFileReference; lastKnownFileType = sourcecode.swift; path = MasterViewController.swift; sourceTree = "<group>"; };
		654E6CBF215AB46F005168C3 /* DetailViewController.swift */ = {isa = PBXFileReference; lastKnownFileType = sourcecode.swift; path = DetailViewController.swift; sourceTree = "<group>"; };
		654E6CC2215AB46F005168C3 /* Base */ = {isa = PBXFileReference; lastKnownFileType = file.storyboard; name = Base; path = Base.lproj/Main.storyboard; sourceTree = "<group>"; };
		654E6CC4215AB470005168C3 /* Assets.xcassets */ = {isa = PBXFileReference; lastKnownFileType = folder.assetcatalog; path = Assets.xcassets; sourceTree = "<group>"; };
		654E6CC7215AB470005168C3 /* Base */ = {isa = PBXFileReference; lastKnownFileType = file.storyboard; name = Base; path = Base.lproj/LaunchScreen.storyboard; sourceTree = "<group>"; };
		654E6CC9215AB470005168C3 /* Info.plist */ = {isa = PBXFileReference; lastKnownFileType = text.plist.xml; path = Info.plist; sourceTree = "<group>"; };
		654E6CCF215AB5A5005168C3 /* LiveDaybreak-Bridging-Header.h */ = {isa = PBXFileReference; lastKnownFileType = sourcecode.c.h; path = "LiveDaybreak-Bridging-Header.h"; sourceTree = "<group>"; };
		654E6CD0215AB5A6005168C3 /* XPathQuery.m */ = {isa = PBXFileReference; fileEncoding = 4; lastKnownFileType = sourcecode.c.objc; path = XPathQuery.m; sourceTree = "<group>"; };
		654E6CD1215AB5A6005168C3 /* TFHppleElement.h */ = {isa = PBXFileReference; fileEncoding = 4; lastKnownFileType = sourcecode.c.h; path = TFHppleElement.h; sourceTree = "<group>"; };
		654E6CD2215AB5A6005168C3 /* TFHpple.h */ = {isa = PBXFileReference; fileEncoding = 4; lastKnownFileType = sourcecode.c.h; path = TFHpple.h; sourceTree = "<group>"; };
		654E6CD3215AB5A6005168C3 /* TFHpple.m */ = {isa = PBXFileReference; fileEncoding = 4; lastKnownFileType = sourcecode.c.objc; path = TFHpple.m; sourceTree = "<group>"; };
		654E6CD4215AB5A6005168C3 /* TFHppleElement.m */ = {isa = PBXFileReference; fileEncoding = 4; lastKnownFileType = sourcecode.c.objc; path = TFHppleElement.m; sourceTree = "<group>"; };
		654E6CD5215AB5A6005168C3 /* XPathQuery.h */ = {isa = PBXFileReference; fileEncoding = 4; lastKnownFileType = sourcecode.c.h; path = XPathQuery.h; sourceTree = "<group>"; };
		654E6CDA215AB633005168C3 /* libxml2.2.tbd */ = {isa = PBXFileReference; lastKnownFileType = "sourcecode.text-based-dylib-definition"; name = libxml2.2.tbd; path = usr/lib/libxml2.2.tbd; sourceTree = SDKROOT; };
		654E6CDC215AB63D005168C3 /* libxml2.tbd */ = {isa = PBXFileReference; lastKnownFileType = "sourcecode.text-based-dylib-definition"; name = libxml2.tbd; path = usr/lib/libxml2.tbd; sourceTree = SDKROOT; };
		654E6CDE215AB881005168C3 /* URLStash.swift */ = {isa = PBXFileReference; lastKnownFileType = sourcecode.swift; path = URLStash.swift; sourceTree = "<group>"; };
		654E6CE0215AC430005168C3 /* EventDetail.swift */ = {isa = PBXFileReference; lastKnownFileType = sourcecode.swift; path = EventDetail.swift; sourceTree = "<group>"; };
		654E6CE3215AD43F005168C3 /* EventTableViewCell.swift */ = {isa = PBXFileReference; lastKnownFileType = sourcecode.swift; path = EventTableViewCell.swift; sourceTree = "<group>"; };
		654E6CE5215AE0C6005168C3 /* DetailsViewController.swift */ = {isa = PBXFileReference; lastKnownFileType = sourcecode.swift; path = DetailsViewController.swift; sourceTree = "<group>"; };
		654E6CE7215AE381005168C3 /* EventInformation.swift */ = {isa = PBXFileReference; lastKnownFileType = sourcecode.swift; path = EventInformation.swift; sourceTree = "<group>"; };
/* End PBXFileReference section */

/* Begin PBXFrameworksBuildPhase section */
		654E6CB5215AB46F005168C3 /* Frameworks */ = {
			isa = PBXFrameworksBuildPhase;
			buildActionMask = 2147483647;
			files = (
				654E6CDD215AB63D005168C3 /* libxml2.tbd in Frameworks */,
				654E6CDB215AB633005168C3 /* libxml2.2.tbd in Frameworks */,
			);
			runOnlyForDeploymentPostprocessing = 0;
		};
/* End PBXFrameworksBuildPhase section */

/* Begin PBXGroup section */
		654E6CAF215AB46F005168C3 = {
			isa = PBXGroup;
			children = (
				654E6CBA215AB46F005168C3 /* LiveDaybreak */,
				654E6CB9215AB46F005168C3 /* Products */,
				654E6CD9215AB633005168C3 /* Frameworks */,
			);
			sourceTree = "<group>";
		};
		654E6CB9215AB46F005168C3 /* Products */ = {
			isa = PBXGroup;
			children = (
				654E6CB8215AB46F005168C3 /* LiveDaybreak.app */,
			);
			name = Products;
			sourceTree = "<group>";
		};
		654E6CBA215AB46F005168C3 /* LiveDaybreak */ = {
			isa = PBXGroup;
			children = (
				654E6CC1215AB46F005168C3 /* Main.storyboard */,
				654E6CBB215AB46F005168C3 /* AppDelegate.swift */,
				654E6CBD215AB46F005168C3 /* MasterViewController.swift */,
				654E6CBF215AB46F005168C3 /* DetailViewController.swift */,
				654E6CDE215AB881005168C3 /* URLStash.swift */,
				654E6CE0215AC430005168C3 /* EventDetail.swift */,
				654E6CE7215AE381005168C3 /* EventInformation.swift */,
				654E6CE3215AD43F005168C3 /* EventTableViewCell.swift */,
				654E6CE5215AE0C6005168C3 /* DetailsViewController.swift */,
				654E6CC4215AB470005168C3 /* Assets.xcassets */,
				654E6CC6215AB470005168C3 /* LaunchScreen.storyboard */,
				654E6CC9215AB470005168C3 /* Info.plist */,
				654E6CE2215AD424005168C3 /* Scraping */,
				654E6CCF215AB5A5005168C3 /* LiveDaybreak-Bridging-Header.h */,
			);
			path = LiveDaybreak;
			sourceTree = "<group>";
		};
		654E6CD9215AB633005168C3 /* Frameworks */ = {
			isa = PBXGroup;
			children = (
				654E6CDC215AB63D005168C3 /* libxml2.tbd */,
				654E6CDA215AB633005168C3 /* libxml2.2.tbd */,
			);
			name = Frameworks;
			sourceTree = "<group>";
		};
		654E6CE2215AD424005168C3 /* Scraping */ = {
			isa = PBXGroup;
			children = (
				654E6CD2215AB5A6005168C3 /* TFHpple.h */,
				654E6CD3215AB5A6005168C3 /* TFHpple.m */,
				654E6CD1215AB5A6005168C3 /* TFHppleElement.h */,
				654E6CD4215AB5A6005168C3 /* TFHppleElement.m */,
				654E6CD5215AB5A6005168C3 /* XPathQuery.h */,
				654E6CD0215AB5A6005168C3 /* XPathQuery.m */,
			);
			path = Scraping;
			sourceTree = "<group>";
		};
/* End PBXGroup section */

/* Begin PBXNativeTarget section */
		654E6CB7215AB46F005168C3 /* LiveDaybreak */ = {
			isa = PBXNativeTarget;
			buildConfigurationList = 654E6CCC215AB470005168C3 /* Build configuration list for PBXNativeTarget "LiveDaybreak" */;
			buildPhases = (
				654E6CB4215AB46F005168C3 /* Sources */,
				654E6CB5215AB46F005168C3 /* Frameworks */,
				654E6CB6215AB46F005168C3 /* Resources */,
			);
			buildRules = (
			);
			dependencies = (
			);
			name = LiveDaybreak;
			productName = LiveDaybreak;
			productReference = 654E6CB8215AB46F005168C3 /* LiveDaybreak.app */;
			productType = "com.apple.product-type.application";
		};
/* End PBXNativeTarget section */

/* Begin PBXProject section */
		654E6CB0215AB46F005168C3 /* Project object */ = {
			isa = PBXProject;
			attributes = {
				LastSwiftUpdateCheck = 1000;
				LastUpgradeCheck = 1000;
				ORGANIZATIONNAME = "Austin Van Alfen";
				TargetAttributes = {
					654E6CB7215AB46F005168C3 = {
						CreatedOnToolsVersion = 10.0;
						LastSwiftMigration = 1000;
					};
				};
			};
			buildConfigurationList = 654E6CB3215AB46F005168C3 /* Build configuration list for PBXProject "LiveDaybreak" */;
			compatibilityVersion = "Xcode 9.3";
			developmentRegion = en;
			hasScannedForEncodings = 0;
			knownRegions = (
				en,
				Base,
			);
			mainGroup = 654E6CAF215AB46F005168C3;
			productRefGroup = 654E6CB9215AB46F005168C3 /* Products */;
			projectDirPath = "";
			projectRoot = "";
			targets = (
				654E6CB7215AB46F005168C3 /* LiveDaybreak */,
			);
		};
/* End PBXProject section */

/* Begin PBXResourcesBuildPhase section */
		654E6CB6215AB46F005168C3 /* Resources */ = {
			isa = PBXResourcesBuildPhase;
			buildActionMask = 2147483647;
			files = (
				654E6CC8215AB470005168C3 /* LaunchScreen.storyboard in Resources */,
				654E6CC5215AB470005168C3 /* Assets.xcassets in Resources */,
				654E6CC3215AB46F005168C3 /* Main.storyboard in Resources */,
			);
			runOnlyForDeploymentPostprocessing = 0;
		};
/* End PBXResourcesBuildPhase section */

/* Begin PBXSourcesBuildPhase section */
		654E6CB4215AB46F005168C3 /* Sources */ = {
			isa = PBXSourcesBuildPhase;
			buildActionMask = 2147483647;
			files = (
				654E6CE4215AD43F005168C3 /* EventTableViewCell.swift in Sources */,
				654E6CDF215AB881005168C3 /* URLStash.swift in Sources */,
				654E6CE1215AC430005168C3 /* EventDetail.swift in Sources */,
				654E6CD8215AB5A6005168C3 /* TFHppleElement.m in Sources */,
				654E6CD7215AB5A6005168C3 /* TFHpple.m in Sources */,
				654E6CC0215AB46F005168C3 /* DetailViewController.swift in Sources */,
				654E6CBE215AB46F005168C3 /* MasterViewController.swift in Sources */,
				654E6CE8215AE381005168C3 /* EventInformation.swift in Sources */,
				654E6CD6215AB5A6005168C3 /* XPathQuery.m in Sources */,
				654E6CBC215AB46F005168C3 /* AppDelegate.swift in Sources */,
				654E6CE6215AE0C6005168C3 /* DetailsViewController.swift in Sources */,
			);
			runOnlyForDeploymentPostprocessing = 0;
		};
/* End PBXSourcesBuildPhase section */

/* Begin PBXVariantGroup section */
		654E6CC1215AB46F005168C3 /* Main.storyboard */ = {
			isa = PBXVariantGroup;
			children = (
				654E6CC2215AB46F005168C3 /* Base */,
			);
			name = Main.storyboard;
			sourceTree = "<group>";
		};
		654E6CC6215AB470005168C3 /* LaunchScreen.storyboard */ = {
			isa = PBXVariantGroup;
			children = (
				654E6CC7215AB470005168C3 /* Base */,
			);
			name = LaunchScreen.storyboard;
			sourceTree = "<group>";
		};
/* End PBXVariantGroup section */

/* Begin XCBuildConfiguration section */
		654E6CCA215AB470005168C3 /* Debug */ = {
			isa = XCBuildConfiguration;
			buildSettings = {
				ALWAYS_SEARCH_USER_PATHS = NO;
				CLANG_ANALYZER_NONNULL = YES;
				CLANG_ANALYZER_NUMBER_OBJECT_CONVERSION = YES_AGGRESSIVE;
				CLANG_CXX_LANGUAGE_STANDARD = "gnu++14";
				CLANG_CXX_LIBRARY = "libc++";
				CLANG_ENABLE_MODULES = YES;
				CLANG_ENABLE_OBJC_ARC = YES;
				CLANG_ENABLE_OBJC_WEAK = YES;
				CLANG_WARN_BLOCK_CAPTURE_AUTORELEASING = YES;
				CLANG_WARN_BOOL_CONVERSION = YES;
				CLANG_WARN_COMMA = YES;
				CLANG_WARN_CONSTANT_CONVERSION = YES;
				CLANG_WARN_DEPRECATED_OBJC_IMPLEMENTATIONS = YES;
				CLANG_WARN_DIRECT_OBJC_ISA_USAGE = YES_ERROR;
				CLANG_WARN_DOCUMENTATION_COMMENTS = YES;
				CLANG_WARN_EMPTY_BODY = YES;
				CLANG_WARN_ENUM_CONVERSION = YES;
				CLANG_WARN_INFINITE_RECURSION = YES;
				CLANG_WARN_INT_CONVERSION = YES;
				CLANG_WARN_NON_LITERAL_NULL_CONVERSION = YES;
				CLANG_WARN_OBJC_IMPLICIT_RETAIN_SELF = YES;
				CLANG_WARN_OBJC_LITERAL_CONVERSION = YES;
				CLANG_WARN_OBJC_ROOT_CLASS = YES_ERROR;
				CLANG_WARN_RANGE_LOOP_ANALYSIS = YES;
				CLANG_WARN_STRICT_PROTOTYPES = YES;
				CLANG_WARN_SUSPICIOUS_MOVE = YES;
				CLANG_WARN_UNGUARDED_AVAILABILITY = YES_AGGRESSIVE;
				CLANG_WARN_UNREACHABLE_CODE = YES;
				CLANG_WARN__DUPLICATE_METHOD_MATCH = YES;
				CODE_SIGN_IDENTITY = "iPhone Developer";
				COPY_PHASE_STRIP = NO;
				DEBUG_INFORMATION_FORMAT = dwarf;
				ENABLE_STRICT_OBJC_MSGSEND = YES;
				ENABLE_TESTABILITY = YES;
				GCC_C_LANGUAGE_STANDARD = gnu11;
				GCC_DYNAMIC_NO_PIC = NO;
				GCC_NO_COMMON_BLOCKS = YES;
				GCC_OPTIMIZATION_LEVEL = 0;
				GCC_PREPROCESSOR_DEFINITIONS = (
					"DEBUG=1",
					"$(inherited)",
				);
				GCC_WARN_64_TO_32_BIT_CONVERSION = YES;
				GCC_WARN_ABOUT_RETURN_TYPE = YES_ERROR;
				GCC_WARN_UNDECLARED_SELECTOR = YES;
				GCC_WARN_UNINITIALIZED_AUTOS = YES_AGGRESSIVE;
				GCC_WARN_UNUSED_FUNCTION = YES;
				GCC_WARN_UNUSED_VARIABLE = YES;
				IPHONEOS_DEPLOYMENT_TARGET = 12.0;
				MTL_ENABLE_DEBUG_INFO = INCLUDE_SOURCE;
				MTL_FAST_MATH = YES;
				ONLY_ACTIVE_ARCH = YES;
				SDKROOT = iphoneos;
				SWIFT_ACTIVE_COMPILATION_CONDITIONS = DEBUG;
				SWIFT_OPTIMIZATION_LEVEL = "-Onone";
			};
			name = Debug;
		};
		654E6CCB215AB470005168C3 /* Release */ = {
			isa = XCBuildConfiguration;
			buildSettings = {
				ALWAYS_SEARCH_USER_PATHS = NO;
				CLANG_ANALYZER_NONNULL = YES;
				CLANG_ANALYZER_NUMBER_OBJECT_CONVERSION = YES_AGGRESSIVE;
				CLANG_CXX_LANGUAGE_STANDARD = "gnu++14";
				CLANG_CXX_LIBRARY = "libc++";
				CLANG_ENABLE_MODULES = YES;
				CLANG_ENABLE_OBJC_ARC = YES;
				CLANG_ENABLE_OBJC_WEAK = YES;
				CLANG_WARN_BLOCK_CAPTURE_AUTORELEASING = YES;
				CLANG_WARN_BOOL_CONVERSION = YES;
				CLANG_WARN_COMMA = YES;
				CLANG_WARN_CONSTANT_CONVERSION = YES;
				CLANG_WARN_DEPRECATED_OBJC_IMPLEMENTATIONS = YES;
				CLANG_WARN_DIRECT_OBJC_ISA_USAGE = YES_ERROR;
				CLANG_WARN_DOCUMENTATION_COMMENTS = YES;
				CLANG_WARN_EMPTY_BODY = YES;
				CLANG_WARN_ENUM_CONVERSION = YES;
				CLANG_WARN_INFINITE_RECURSION = YES;
				CLANG_WARN_INT_CONVERSION = YES;
				CLANG_WARN_NON_LITERAL_NULL_CONVERSION = YES;
				CLANG_WARN_OBJC_IMPLICIT_RETAIN_SELF = YES;
				CLANG_WARN_OBJC_LITERAL_CONVERSION = YES;
				CLANG_WARN_OBJC_ROOT_CLASS = YES_ERROR;
				CLANG_WARN_RANGE_LOOP_ANALYSIS = YES;
				CLANG_WARN_STRICT_PROTOTYPES = YES;
				CLANG_WARN_SUSPICIOUS_MOVE = YES;
				CLANG_WARN_UNGUARDED_AVAILABILITY = YES_AGGRESSIVE;
				CLANG_WARN_UNREACHABLE_CODE = YES;
				CLANG_WARN__DUPLICATE_METHOD_MATCH = YES;
				CODE_SIGN_IDENTITY = "iPhone Developer";
				COPY_PHASE_STRIP = NO;
				DEBUG_INFORMATION_FORMAT = "dwarf-with-dsym";
				ENABLE_NS_ASSERTIONS = NO;
				ENABLE_STRICT_OBJC_MSGSEND = YES;
				GCC_C_LANGUAGE_STANDARD = gnu11;
				GCC_NO_COMMON_BLOCKS = YES;
				GCC_WARN_64_TO_32_BIT_CONVERSION = YES;
				GCC_WARN_ABOUT_RETURN_TYPE = YES_ERROR;
				GCC_WARN_UNDECLARED_SELECTOR = YES;
				GCC_WARN_UNINITIALIZED_AUTOS = YES_AGGRESSIVE;
				GCC_WARN_UNUSED_FUNCTION = YES;
				GCC_WARN_UNUSED_VARIABLE = YES;
				IPHONEOS_DEPLOYMENT_TARGET = 12.0;
				MTL_ENABLE_DEBUG_INFO = NO;
				MTL_FAST_MATH = YES;
				SDKROOT = iphoneos;
				SWIFT_COMPILATION_MODE = wholemodule;
				SWIFT_OPTIMIZATION_LEVEL = "-O";
				VALIDATE_PRODUCT = YES;
			};
			name = Release;
		};
		654E6CCD215AB470005168C3 /* Debug */ = {
			isa = XCBuildConfiguration;
			buildSettings = {
				ASSETCATALOG_COMPILER_APPICON_NAME = AppIcon;
				CLANG_ENABLE_MODULES = YES;
				CODE_SIGN_STYLE = Automatic;
				DEVELOPMENT_TEAM = 9BT5L85AT6;
				HEADER_SEARCH_PATHS = "$(SDKROOT)/usr/include/libxml2";
				INFOPLIST_FILE = LiveDaybreak/Info.plist;
				LD_RUNPATH_SEARCH_PATHS = (
					"$(inherited)",
					"@executable_path/Frameworks",
				);
				PRODUCT_BUNDLE_IDENTIFIER = com.vanroyal.LiveDaybreak;
				PRODUCT_NAME = "$(TARGET_NAME)";
				SWIFT_OBJC_BRIDGING_HEADER = "LiveDaybreak/LiveDaybreak-Bridging-Header.h";
				SWIFT_OPTIMIZATION_LEVEL = "-Onone";
				SWIFT_VERSION = 4.2;
				TARGETED_DEVICE_FAMILY = "1,2";
			};
			name = Debug;
		};
		654E6CCE215AB470005168C3 /* Release */ = {
			isa = XCBuildConfiguration;
			buildSettings = {
				ASSETCATALOG_COMPILER_APPICON_NAME = AppIcon;
				CLANG_ENABLE_MODULES = YES;
				CODE_SIGN_STYLE = Automatic;
				DEVELOPMENT_TEAM = 9BT5L85AT6;
				HEADER_SEARCH_PATHS = "$(SDKROOT)/usr/include/libxml2";
				INFOPLIST_FILE = LiveDaybreak/Info.plist;
				LD_RUNPATH_SEARCH_PATHS = (
					"$(inherited)",
					"@executable_path/Frameworks",
				);
				PRODUCT_BUNDLE_IDENTIFIER = com.vanroyal.LiveDaybreak;
				PRODUCT_NAME = "$(TARGET_NAME)";
				SWIFT_OBJC_BRIDGING_HEADER = "LiveDaybreak/LiveDaybreak-Bridging-Header.h";
				SWIFT_VERSION = 4.2;
				TARGETED_DEVICE_FAMILY = "1,2";
			};
			name = Release;
		};
/* End XCBuildConfiguration section */

/* Begin XCConfigurationList section */
		654E6CB3215AB46F005168C3 /* Build configuration list for PBXProject "LiveDaybreak" */ = {
			isa = XCConfigurationList;
			buildConfigurations = (
				654E6CCA215AB470005168C3 /* Debug */,
				654E6CCB215AB470005168C3 /* Release */,
			);
			defaultConfigurationIsVisible = 0;
			defaultConfigurationName = Release;
		};
		654E6CCC215AB470005168C3 /* Build configuration list for PBXNativeTarget "LiveDaybreak" */ = {
			isa = XCConfigurationList;
			buildConfigurations = (
				654E6CCD215AB470005168C3 /* Debug */,
				654E6CCE215AB470005168C3 /* Release */,
			);
			defaultConfigurationIsVisible = 0;
			defaultConfigurationName = Release;
		};
/* End XCConfigurationList section */
	};
	rootObject = 654E6CB0215AB46F005168C3 /* Project object */;
}
